// !$*UTF8*$!
{
	archiveVersion = 1;
	classes = {
	};
	objectVersion = 46;
	objects = {

/* Begin PBXBuildFile section */
		92ADF8111E62381600488012 /* AppDelegate.swift in Sources */ = {isa = PBXBuildFile; fileRef = 92ADF8101E62381600488012 /* AppDelegate.swift */; };
		92ADF8131E62381600488012 /* ViewController.swift in Sources */ = {isa = PBXBuildFile; fileRef = 92ADF8121E62381600488012 /* ViewController.swift */; };
		92ADF8161E62381600488012 /* Main.storyboard in Resources */ = {isa = PBXBuildFile; fileRef = 92ADF8141E62381600488012 /* Main.storyboard */; };
		92ADF8181E62381600488012 /* Assets.xcassets in Resources */ = {isa = PBXBuildFile; fileRef = 92ADF8171E62381600488012 /* Assets.xcassets */; };
		92ADF81B1E62381600488012 /* LaunchScreen.storyboard in Resources */ = {isa = PBXBuildFile; fileRef = 92ADF8191E62381600488012 /* LaunchScreen.storyboard */; };
		92ADF8261E62381700488012 /* OnTheMapTests.swift in Sources */ = {isa = PBXBuildFile; fileRef = 92ADF8251E62381700488012 /* OnTheMapTests.swift */; };
		92ADF8311E62381700488012 /* OnTheMapUITests.swift in Sources */ = {isa = PBXBuildFile; fileRef = 92ADF8301E62381700488012 /* OnTheMapUITests.swift */; };
		92ADF8461E625A1700488012 /* LogInViewController.swift in Sources */ = {isa = PBXBuildFile; fileRef = 92ADF8451E625A1700488012 /* LogInViewController.swift */; };
		92ADF84A1E63456F00488012 /* UdacityStudentLocation.swift in Sources */ = {isa = PBXBuildFile; fileRef = 92ADF8491E63456F00488012 /* UdacityStudentLocation.swift */; };
		92ADF84C1E6345F300488012 /* UdacityConstants.swift in Sources */ = {isa = PBXBuildFile; fileRef = 92ADF84B1E6345F300488012 /* UdacityConstants.swift */; };
/* End PBXBuildFile section */

/* Begin PBXContainerItemProxy section */
		92ADF8221E62381700488012 /* PBXContainerItemProxy */ = {
			isa = PBXContainerItemProxy;
			containerPortal = 92ADF8051E62381600488012 /* Project object */;
			proxyType = 1;
			remoteGlobalIDString = 92ADF80C1E62381600488012;
			remoteInfo = OnTheMap;
		};
		92ADF82D1E62381700488012 /* PBXContainerItemProxy */ = {
			isa = PBXContainerItemProxy;
			containerPortal = 92ADF8051E62381600488012 /* Project object */;
			proxyType = 1;
			remoteGlobalIDString = 92ADF80C1E62381600488012;
			remoteInfo = OnTheMap;
		};
/* End PBXContainerItemProxy section */

/* Begin PBXFileReference section */
		92ADF80D1E62381600488012 /* OnTheMap.app */ = {isa = PBXFileReference; explicitFileType = wrapper.application; includeInIndex = 0; path = OnTheMap.app; sourceTree = BUILT_PRODUCTS_DIR; };
		92ADF8101E62381600488012 /* AppDelegate.swift */ = {isa = PBXFileReference; lastKnownFileType = sourcecode.swift; path = AppDelegate.swift; sourceTree = "<group>"; };
		92ADF8121E62381600488012 /* ViewController.swift */ = {isa = PBXFileReference; lastKnownFileType = sourcecode.swift; path = ViewController.swift; sourceTree = "<group>"; };
		92ADF8151E62381600488012 /* Base */ = {isa = PBXFileReference; lastKnownFileType = file.storyboard; name = Base; path = Base.lproj/Main.storyboard; sourceTree = "<group>"; };
		92ADF8171E62381600488012 /* Assets.xcassets */ = {isa = PBXFileReference; lastKnownFileType = folder.assetcatalog; path = Assets.xcassets; sourceTree = "<group>"; };
		92ADF81A1E62381600488012 /* Base */ = {isa = PBXFileReference; lastKnownFileType = file.storyboard; name = Base; path = Base.lproj/LaunchScreen.storyboard; sourceTree = "<group>"; };
		92ADF81C1E62381600488012 /* Info.plist */ = {isa = PBXFileReference; lastKnownFileType = text.plist.xml; path = Info.plist; sourceTree = "<group>"; };
		92ADF8211E62381700488012 /* OnTheMapTests.xctest */ = {isa = PBXFileReference; explicitFileType = wrapper.cfbundle; includeInIndex = 0; path = OnTheMapTests.xctest; sourceTree = BUILT_PRODUCTS_DIR; };
		92ADF8251E62381700488012 /* OnTheMapTests.swift */ = {isa = PBXFileReference; lastKnownFileType = sourcecode.swift; path = OnTheMapTests.swift; sourceTree = "<group>"; };
		92ADF8271E62381700488012 /* Info.plist */ = {isa = PBXFileReference; lastKnownFileType = text.plist.xml; path = Info.plist; sourceTree = "<group>"; };
		92ADF82C1E62381700488012 /* OnTheMapUITests.xctest */ = {isa = PBXFileReference; explicitFileType = wrapper.cfbundle; includeInIndex = 0; path = OnTheMapUITests.xctest; sourceTree = BUILT_PRODUCTS_DIR; };
		92ADF8301E62381700488012 /* OnTheMapUITests.swift */ = {isa = PBXFileReference; lastKnownFileType = sourcecode.swift; path = OnTheMapUITests.swift; sourceTree = "<group>"; };
		92ADF8321E62381700488012 /* Info.plist */ = {isa = PBXFileReference; lastKnownFileType = text.plist.xml; path = Info.plist; sourceTree = "<group>"; };
		92ADF8451E625A1700488012 /* LogInViewController.swift */ = {isa = PBXFileReference; fileEncoding = 4; lastKnownFileType = sourcecode.swift; path = LogInViewController.swift; sourceTree = "<group>"; };
		92ADF8491E63456F00488012 /* UdacityStudentLocation.swift */ = {isa = PBXFileReference; fileEncoding = 4; lastKnownFileType = sourcecode.swift; path = UdacityStudentLocation.swift; sourceTree = "<group>"; };
		92ADF84B1E6345F300488012 /* UdacityConstants.swift */ = {isa = PBXFileReference; fileEncoding = 4; lastKnownFileType = sourcecode.swift; path = UdacityConstants.swift; sourceTree = "<group>"; };
/* End PBXFileReference section */

/* Begin PBXFrameworksBuildPhase section */
		92ADF80A1E62381600488012 /* Frameworks */ = {
			isa = PBXFrameworksBuildPhase;
			buildActionMask = 2147483647;
			files = (
			);
			runOnlyForDeploymentPostprocessing = 0;
		};
		92ADF81E1E62381700488012 /* Frameworks */ = {
			isa = PBXFrameworksBuildPhase;
			buildActionMask = 2147483647;
			files = (
			);
			runOnlyForDeploymentPostprocessing = 0;
		};
		92ADF8291E62381700488012 /* Frameworks */ = {
			isa = PBXFrameworksBuildPhase;
			buildActionMask = 2147483647;
			files = (
			);
			runOnlyForDeploymentPostprocessing = 0;
		};
/* End PBXFrameworksBuildPhase section */

/* Begin PBXGroup section */
		92ADF8041E62381600488012 = {
			isa = PBXGroup;
			children = (
				92ADF80F1E62381600488012 /* OnTheMap */,
				92ADF8241E62381700488012 /* OnTheMapTests */,
				92ADF82F1E62381700488012 /* OnTheMapUITests */,
				92ADF80E1E62381600488012 /* Products */,
			);
			sourceTree = "<group>";
		};
		92ADF80E1E62381600488012 /* Products */ = {
			isa = PBXGroup;
			children = (
				92ADF80D1E62381600488012 /* OnTheMap.app */,
				92ADF8211E62381700488012 /* OnTheMapTests.xctest */,
				92ADF82C1E62381700488012 /* OnTheMapUITests.xctest */,
			);
			name = Products;
			sourceTree = "<group>";
		};
		92ADF80F1E62381600488012 /* OnTheMap */ = {
			isa = PBXGroup;
			children = (
				92ADF8101E62381600488012 /* AppDelegate.swift */,
				92ADF83E1E623D4E00488012 /* Model */,
				92ADF8441E62599500488012 /* View Controllers */,
				92ADF8401E623D7200488012 /* Controller */,
				92ADF8421E623DF000488012 /* Supporting Files */,
				92ADF8411E623DD000488012 /* Assets */,
			);
			path = OnTheMap;
			sourceTree = "<group>";
		};
		92ADF8241E62381700488012 /* OnTheMapTests */ = {
			isa = PBXGroup;
			children = (
				92ADF8251E62381700488012 /* OnTheMapTests.swift */,
				92ADF8271E62381700488012 /* Info.plist */,
			);
			path = OnTheMapTests;
			sourceTree = "<group>";
		};
		92ADF82F1E62381700488012 /* OnTheMapUITests */ = {
			isa = PBXGroup;
			children = (
				92ADF8301E62381700488012 /* OnTheMapUITests.swift */,
				92ADF8321E62381700488012 /* Info.plist */,
			);
			path = OnTheMapUITests;
			sourceTree = "<group>";
		};
		92ADF83E1E623D4E00488012 /* Model */ = {
			isa = PBXGroup;
			children = (
				92ADF8471E633A1E00488012 /* Clients */,
			);
			name = Model;
			sourceTree = "<group>";
		};
		92ADF8401E623D7200488012 /* Controller */ = {
			isa = PBXGroup;
			children = (
				92ADF8121E62381600488012 /* ViewController.swift */,
			);
			name = Controller;
			sourceTree = "<group>";
		};
		92ADF8411E623DD000488012 /* Assets */ = {
			isa = PBXGroup;
			children = (
				92ADF8171E62381600488012 /* Assets.xcassets */,
				92ADF8191E62381600488012 /* LaunchScreen.storyboard */,
				92ADF8141E62381600488012 /* Main.storyboard */,
			);
			name = Assets;
			sourceTree = "<group>";
		};
		92ADF8421E623DF000488012 /* Supporting Files */ = {
			isa = PBXGroup;
			children = (
				92ADF81C1E62381600488012 /* Info.plist */,
			);
			name = "Supporting Files";
			sourceTree = "<group>";
		};
		92ADF8441E62599500488012 /* View Controllers */ = {
			isa = PBXGroup;
			children = (
				92ADF8451E625A1700488012 /* LogInViewController.swift */,
			);
			name = "View Controllers";
			sourceTree = "<group>";
		};
		92ADF8471E633A1E00488012 /* Clients */ = {
			isa = PBXGroup;
			children = (
				92ADF8481E633A3C00488012 /* Udacity */,
			);
			name = Clients;
			sourceTree = "<group>";
		};
		92ADF8481E633A3C00488012 /* Udacity */ = {
			isa = PBXGroup;
			children = (
				92ADF8491E63456F00488012 /* UdacityStudentLocation.swift */,
				92ADF84B1E6345F300488012 /* UdacityConstants.swift */,
			);
			name = Udacity;
			sourceTree = "<group>";
		};
/* End PBXGroup section */

/* Begin PBXNativeTarget section */
		92ADF80C1E62381600488012 /* OnTheMap */ = {
			isa = PBXNativeTarget;
			buildConfigurationList = 92ADF8351E62381700488012 /* Build configuration list for PBXNativeTarget "OnTheMap" */;
			buildPhases = (
				92ADF8091E62381600488012 /* Sources */,
				92ADF80A1E62381600488012 /* Frameworks */,
				92ADF80B1E62381600488012 /* Resources */,
			);
			buildRules = (
			);
			dependencies = (
			);
			name = OnTheMap;
			productName = OnTheMap;
			productReference = 92ADF80D1E62381600488012 /* OnTheMap.app */;
			productType = "com.apple.product-type.application";
		};
		92ADF8201E62381700488012 /* OnTheMapTests */ = {
			isa = PBXNativeTarget;
			buildConfigurationList = 92ADF8381E62381700488012 /* Build configuration list for PBXNativeTarget "OnTheMapTests" */;
			buildPhases = (
				92ADF81D1E62381700488012 /* Sources */,
				92ADF81E1E62381700488012 /* Frameworks */,
				92ADF81F1E62381700488012 /* Resources */,
			);
			buildRules = (
			);
			dependencies = (
				92ADF8231E62381700488012 /* PBXTargetDependency */,
			);
			name = OnTheMapTests;
			productName = OnTheMapTests;
			productReference = 92ADF8211E62381700488012 /* OnTheMapTests.xctest */;
			productType = "com.apple.product-type.bundle.unit-test";
		};
		92ADF82B1E62381700488012 /* OnTheMapUITests */ = {
			isa = PBXNativeTarget;
			buildConfigurationList = 92ADF83B1E62381700488012 /* Build configuration list for PBXNativeTarget "OnTheMapUITests" */;
			buildPhases = (
				92ADF8281E62381700488012 /* Sources */,
				92ADF8291E62381700488012 /* Frameworks */,
				92ADF82A1E62381700488012 /* Resources */,
			);
			buildRules = (
			);
			dependencies = (
				92ADF82E1E62381700488012 /* PBXTargetDependency */,
			);
			name = OnTheMapUITests;
			productName = OnTheMapUITests;
			productReference = 92ADF82C1E62381700488012 /* OnTheMapUITests.xctest */;
			productType = "com.apple.product-type.bundle.ui-testing";
		};
/* End PBXNativeTarget section */

/* Begin PBXProject section */
		92ADF8051E62381600488012 /* Project object */ = {
			isa = PBXProject;
			attributes = {
				LastSwiftUpdateCheck = 0820;
				LastUpgradeCheck = 0820;
				TargetAttributes = {
					92ADF80C1E62381600488012 = {
						CreatedOnToolsVersion = 8.2.1;
						ProvisioningStyle = Automatic;
					};
					92ADF8201E62381700488012 = {
						CreatedOnToolsVersion = 8.2.1;
						ProvisioningStyle = Automatic;
						TestTargetID = 92ADF80C1E62381600488012;
					};
					92ADF82B1E62381700488012 = {
						CreatedOnToolsVersion = 8.2.1;
						ProvisioningStyle = Automatic;
						TestTargetID = 92ADF80C1E62381600488012;
					};
				};
			};
			buildConfigurationList = 92ADF8081E62381600488012 /* Build configuration list for PBXProject "OnTheMap" */;
			compatibilityVersion = "Xcode 3.2";
			developmentRegion = English;
			hasScannedForEncodings = 0;
			knownRegions = (
				en,
				Base,
			);
			mainGroup = 92ADF8041E62381600488012;
			productRefGroup = 92ADF80E1E62381600488012 /* Products */;
			projectDirPath = "";
			projectRoot = "";
			targets = (
				92ADF80C1E62381600488012 /* OnTheMap */,
				92ADF8201E62381700488012 /* OnTheMapTests */,
				92ADF82B1E62381700488012 /* OnTheMapUITests */,
			);
		};
/* End PBXProject section */

/* Begin PBXResourcesBuildPhase section */
		92ADF80B1E62381600488012 /* Resources */ = {
			isa = PBXResourcesBuildPhase;
			buildActionMask = 2147483647;
			files = (
				92ADF81B1E62381600488012 /* LaunchScreen.storyboard in Resources */,
				92ADF8181E62381600488012 /* Assets.xcassets in Resources */,
				92ADF8161E62381600488012 /* Main.storyboard in Resources */,
			);
			runOnlyForDeploymentPostprocessing = 0;
		};
		92ADF81F1E62381700488012 /* Resources */ = {
			isa = PBXResourcesBuildPhase;
			buildActionMask = 2147483647;
			files = (
			);
			runOnlyForDeploymentPostprocessing = 0;
		};
		92ADF82A1E62381700488012 /* Resources */ = {
			isa = PBXResourcesBuildPhase;
			buildActionMask = 2147483647;
			files = (
			);
			runOnlyForDeploymentPostprocessing = 0;
		};
/* End PBXResourcesBuildPhase section */

/* Begin PBXSourcesBuildPhase section */
		92ADF8091E62381600488012 /* Sources */ = {
			isa = PBXSourcesBuildPhase;
			buildActionMask = 2147483647;
			files = (
				92ADF8131E62381600488012 /* ViewController.swift in Sources */,
				92ADF84C1E6345F300488012 /* UdacityConstants.swift in Sources */,
				92ADF8111E62381600488012 /* AppDelegate.swift in Sources */,
				92ADF84A1E63456F00488012 /* UdacityStudentLocation.swift in Sources */,
				92ADF8461E625A1700488012 /* LogInViewController.swift in Sources */,
			);
			runOnlyForDeploymentPostprocessing = 0;
		};
		92ADF81D1E62381700488012 /* Sources */ = {
			isa = PBXSourcesBuildPhase;
			buildActionMask = 2147483647;
			files = (
				92ADF8261E62381700488012 /* OnTheMapTests.swift in Sources */,
			);
			runOnlyForDeploymentPostprocessing = 0;
		};
		92ADF8281E62381700488012 /* Sources */ = {
			isa = PBXSourcesBuildPhase;
			buildActionMask = 2147483647;
			files = (
				92ADF8311E62381700488012 /* OnTheMapUITests.swift in Sources */,
			);
			runOnlyForDeploymentPostprocessing = 0;
		};
/* End PBXSourcesBuildPhase section */

/* Begin PBXTargetDependency section */
		92ADF8231E62381700488012 /* PBXTargetDependency */ = {
			isa = PBXTargetDependency;
			target = 92ADF80C1E62381600488012 /* OnTheMap */;
			targetProxy = 92ADF8221E62381700488012 /* PBXContainerItemProxy */;
		};
		92ADF82E1E62381700488012 /* PBXTargetDependency */ = {
			isa = PBXTargetDependency;
			target = 92ADF80C1E62381600488012 /* OnTheMap */;
			targetProxy = 92ADF82D1E62381700488012 /* PBXContainerItemProxy */;
		};
/* End PBXTargetDependency section */

/* Begin PBXVariantGroup section */
		92ADF8141E62381600488012 /* Main.storyboard */ = {
			isa = PBXVariantGroup;
			children = (
				92ADF8151E62381600488012 /* Base */,
			);
			name = Main.storyboard;
			sourceTree = "<group>";
		};
		92ADF8191E62381600488012 /* LaunchScreen.storyboard */ = {
			isa = PBXVariantGroup;
			children = (
				92ADF81A1E62381600488012 /* Base */,
			);
			name = LaunchScreen.storyboard;
			sourceTree = "<group>";
		};
/* End PBXVariantGroup section */

/* Begin XCBuildConfiguration section */
		92ADF8331E62381700488012 /* Debug */ = {
			isa = XCBuildConfiguration;
			buildSettings = {
				ALWAYS_SEARCH_USER_PATHS = NO;
				CLANG_ANALYZER_NONNULL = YES;
				CLANG_CXX_LANGUAGE_STANDARD = "gnu++0x";
				CLANG_CXX_LIBRARY = "libc++";
				CLANG_ENABLE_MODULES = YES;
				CLANG_ENABLE_OBJC_ARC = YES;
				CLANG_WARN_BOOL_CONVERSION = YES;
				CLANG_WARN_CONSTANT_CONVERSION = YES;
				CLANG_WARN_DIRECT_OBJC_ISA_USAGE = YES_ERROR;
				CLANG_WARN_DOCUMENTATION_COMMENTS = YES;
				CLANG_WARN_EMPTY_BODY = YES;
				CLANG_WARN_ENUM_CONVERSION = YES;
				CLANG_WARN_INFINITE_RECURSION = YES;
				CLANG_WARN_INT_CONVERSION = YES;
				CLANG_WARN_OBJC_ROOT_CLASS = YES_ERROR;
				CLANG_WARN_SUSPICIOUS_MOVE = YES;
				CLANG_WARN_UNREACHABLE_CODE = YES;
				CLANG_WARN__DUPLICATE_METHOD_MATCH = YES;
				"CODE_SIGN_IDENTITY[sdk=iphoneos*]" = "iPhone Developer";
				COPY_PHASE_STRIP = NO;
				DEBUG_INFORMATION_FORMAT = dwarf;
				ENABLE_STRICT_OBJC_MSGSEND = YES;
				ENABLE_TESTABILITY = YES;
				GCC_C_LANGUAGE_STANDARD = gnu99;
				GCC_DYNAMIC_NO_PIC = NO;
				GCC_NO_COMMON_BLOCKS = YES;
				GCC_OPTIMIZATION_LEVEL = 0;
				GCC_PREPROCESSOR_DEFINITIONS = (
					"DEBUG=1",
					"$(inherited)",
				);
				GCC_WARN_64_TO_32_BIT_CONVERSION = YES;
				GCC_WARN_ABOUT_RETURN_TYPE = YES_ERROR;
				GCC_WARN_UNDECLARED_SELECTOR = YES;
				GCC_WARN_UNINITIALIZED_AUTOS = YES_AGGRESSIVE;
				GCC_WARN_UNUSED_FUNCTION = YES;
				GCC_WARN_UNUSED_VARIABLE = YES;
				IPHONEOS_DEPLOYMENT_TARGET = 10.2;
				MTL_ENABLE_DEBUG_INFO = YES;
				ONLY_ACTIVE_ARCH = YES;
				SDKROOT = iphoneos;
				SWIFT_ACTIVE_COMPILATION_CONDITIONS = DEBUG;
				SWIFT_OPTIMIZATION_LEVEL = "-Onone";
			};
			name = Debug;
		};
		92ADF8341E62381700488012 /* Release */ = {
			isa = XCBuildConfiguration;
			buildSettings = {
				ALWAYS_SEARCH_USER_PATHS = NO;
				CLANG_ANALYZER_NONNULL = YES;
				CLANG_CXX_LANGUAGE_STANDARD = "gnu++0x";
				CLANG_CXX_LIBRARY = "libc++";
				CLANG_ENABLE_MODULES = YES;
				CLANG_ENABLE_OBJC_ARC = YES;
				CLANG_WARN_BOOL_CONVERSION = YES;
				CLANG_WARN_CONSTANT_CONVERSION = YES;
				CLANG_WARN_DIRECT_OBJC_ISA_USAGE = YES_ERROR;
				CLANG_WARN_DOCUMENTATION_COMMENTS = YES;
				CLANG_WARN_EMPTY_BODY = YES;
				CLANG_WARN_ENUM_CONVERSION = YES;
				CLANG_WARN_INFINITE_RECURSION = YES;
				CLANG_WARN_INT_CONVERSION = YES;
				CLANG_WARN_OBJC_ROOT_CLASS = YES_ERROR;
				CLANG_WARN_SUSPICIOUS_MOVE = YES;
				CLANG_WARN_UNREACHABLE_CODE = YES;
				CLANG_WARN__DUPLICATE_METHOD_MATCH = YES;
				"CODE_SIGN_IDENTITY[sdk=iphoneos*]" = "iPhone Developer";
				COPY_PHASE_STRIP = NO;
				DEBUG_INFORMATION_FORMAT = "dwarf-with-dsym";
				ENABLE_NS_ASSERTIONS = NO;
				ENABLE_STRICT_OBJC_MSGSEND = YES;
				GCC_C_LANGUAGE_STANDARD = gnu99;
				GCC_NO_COMMON_BLOCKS = YES;
				GCC_WARN_64_TO_32_BIT_CONVERSION = YES;
				GCC_WARN_ABOUT_RETURN_TYPE = YES_ERROR;
				GCC_WARN_UNDECLARED_SELECTOR = YES;
				GCC_WARN_UNINITIALIZED_AUTOS = YES_AGGRESSIVE;
				GCC_WARN_UNUSED_FUNCTION = YES;
				GCC_WARN_UNUSED_VARIABLE = YES;
				IPHONEOS_DEPLOYMENT_TARGET = 10.2;
				MTL_ENABLE_DEBUG_INFO = NO;
				SDKROOT = iphoneos;
				SWIFT_OPTIMIZATION_LEVEL = "-Owholemodule";
				VALIDATE_PRODUCT = YES;
			};
			name = Release;
		};
		92ADF8361E62381700488012 /* Debug */ = {
			isa = XCBuildConfiguration;
			buildSettings = {
				ASSETCATALOG_COMPILER_APPICON_NAME = AppIcon;
				INFOPLIST_FILE = OnTheMap/Info.plist;
				LD_RUNPATH_SEARCH_PATHS = "$(inherited) @executable_path/Frameworks";
				PRODUCT_BUNDLE_IDENTIFIER = FLEC.OnTheMap;
				PRODUCT_NAME = "$(TARGET_NAME)";
				SWIFT_VERSION = 3.0;
			};
			name = Debug;
		};
		92ADF8371E62381700488012 /* Release */ = {
			isa = XCBuildConfiguration;
			buildSettings = {
				ASSETCATALOG_COMPILER_APPICON_NAME = AppIcon;
				INFOPLIST_FILE = OnTheMap/Info.plist;
				LD_RUNPATH_SEARCH_PATHS = "$(inherited) @executable_path/Frameworks";
				PRODUCT_BUNDLE_IDENTIFIER = FLEC.OnTheMap;
				PRODUCT_NAME = "$(TARGET_NAME)";
				SWIFT_VERSION = 3.0;
			};
			name = Release;
		};
		92ADF8391E62381700488012 /* Debug */ = {
			isa = XCBuildConfiguration;
			buildSettings = {
				ALWAYS_EMBED_SWIFT_STANDARD_LIBRARIES = YES;
				BUNDLE_LOADER = "$(TEST_HOST)";
				INFOPLIST_FILE = OnTheMapTests/Info.plist;
				LD_RUNPATH_SEARCH_PATHS = "$(inherited) @executable_path/Frameworks @loader_path/Frameworks";
				PRODUCT_BUNDLE_IDENTIFIER = FLEC.OnTheMapTests;
				PRODUCT_NAME = "$(TARGET_NAME)";
				SWIFT_VERSION = 3.0;
				TEST_HOST = "$(BUILT_PRODUCTS_DIR)/OnTheMap.app/OnTheMap";
			};
			name = Debug;
		};
		92ADF83A1E62381700488012 /* Release */ = {
			isa = XCBuildConfiguration;
			buildSettings = {
				ALWAYS_EMBED_SWIFT_STANDARD_LIBRARIES = YES;
				BUNDLE_LOADER = "$(TEST_HOST)";
				INFOPLIST_FILE = OnTheMapTests/Info.plist;
				LD_RUNPATH_SEARCH_PATHS = "$(inherited) @executable_path/Frameworks @loader_path/Frameworks";
				PRODUCT_BUNDLE_IDENTIFIER = FLEC.OnTheMapTests;
				PRODUCT_NAME = "$(TARGET_NAME)";
				SWIFT_VERSION = 3.0;
				TEST_HOST = "$(BUILT_PRODUCTS_DIR)/OnTheMap.app/OnTheMap";
			};
			name = Release;
		};
		92ADF83C1E62381700488012 /* Debug */ = {
			isa = XCBuildConfiguration;
			buildSettings = {
				ALWAYS_EMBED_SWIFT_STANDARD_LIBRARIES = YES;
				INFOPLIST_FILE = OnTheMapUITests/Info.plist;
				LD_RUNPATH_SEARCH_PATHS = "$(inherited) @executable_path/Frameworks @loader_path/Frameworks";
				PRODUCT_BUNDLE_IDENTIFIER = FLEC.OnTheMapUITests;
				PRODUCT_NAME = "$(TARGET_NAME)";
				SWIFT_VERSION = 3.0;
				TEST_TARGET_NAME = OnTheMap;
			};
			name = Debug;
		};
		92ADF83D1E62381700488012 /* Release */ = {
			isa = XCBuildConfiguration;
			buildSettings = {
				ALWAYS_EMBED_SWIFT_STANDARD_LIBRARIES = YES;
				INFOPLIST_FILE = OnTheMapUITests/Info.plist;
				LD_RUNPATH_SEARCH_PATHS = "$(inherited) @executable_path/Frameworks @loader_path/Frameworks";
				PRODUCT_BUNDLE_IDENTIFIER = FLEC.OnTheMapUITests;
				PRODUCT_NAME = "$(TARGET_NAME)";
				SWIFT_VERSION = 3.0;
				TEST_TARGET_NAME = OnTheMap;
			};
			name = Release;
		};
/* End XCBuildConfiguration section */

/* Begin XCConfigurationList section */
		92ADF8081E62381600488012 /* Build configuration list for PBXProject "OnTheMap" */ = {
			isa = XCConfigurationList;
			buildConfigurations = (
				92ADF8331E62381700488012 /* Debug */,
				92ADF8341E62381700488012 /* Release */,
			);
			defaultConfigurationIsVisible = 0;
			defaultConfigurationName = Release;
		};
		92ADF8351E62381700488012 /* Build configuration list for PBXNativeTarget "OnTheMap" */ = {
			isa = XCConfigurationList;
			buildConfigurations = (
				92ADF8361E62381700488012 /* Debug */,
				92ADF8371E62381700488012 /* Release */,
			);
			defaultConfigurationIsVisible = 0;
		};
		92ADF8381E62381700488012 /* Build configuration list for PBXNativeTarget "OnTheMapTests" */ = {
			isa = XCConfigurationList;
			buildConfigurations = (
				92ADF8391E62381700488012 /* Debug */,
				92ADF83A1E62381700488012 /* Release */,
			);
			defaultConfigurationIsVisible = 0;
		};
		92ADF83B1E62381700488012 /* Build configuration list for PBXNativeTarget "OnTheMapUITests" */ = {
			isa = XCConfigurationList;
			buildConfigurations = (
				92ADF83C1E62381700488012 /* Debug */,
				92ADF83D1E62381700488012 /* Release */,
			);
			defaultConfigurationIsVisible = 0;
		};
/* End XCConfigurationList section */
	};
	rootObject = 92ADF8051E62381600488012 /* Project object */;
}
